
Microsoft Visual Studio Solution File, Format Version 12.00
# Visual Studio 2012
Project("{FAE04EC0-301F-11D3-BF4B-00C04F79EFBC}") = "UnityVS.unity3dUtils.CSharp", "UnityVS.unity3dUtils.CSharp.csproj", "{176CA18C-1227-9A19-4B7A-A7132BF05354}"
EndProject
Global
	GlobalSection(SolutionConfigurationPlatforms) = preSolution
		Debug|Any CPU = Debug|Any CPU
		Release|Any CPU = Release|Any CPU
	EndGlobalSection
	GlobalSection(ProjectConfigurationPlatforms) = postSolution
		{176CA18C-1227-9A19-4B7A-A7132BF05354}.Debug|Any CPU.ActiveCfg = Debug|Any CPU
		{176CA18C-1227-9A19-4B7A-A7132BF05354}.Debug|Any CPU.Build.0 = Debug|Any CPU
		{176CA18C-1227-9A19-4B7A-A7132BF05354}.Release|Any CPU.ActiveCfg = Release|Any CPU
		{176CA18C-1227-9A19-4B7A-A7132BF05354}.Release|Any CPU.Build.0 = Release|Any CPU
	EndGlobalSection
	GlobalSection(SolutionProperties) = preSolution
		HideSolutionNode = FALSE
	EndGlobalSection
EndGlobal
